# This file was autogenerated by uv via the following command:
#    uv pip compile pyproject.toml -o requirements.lock
alembic==1.16.2
    # via optuna
boruta==0.4.3
    # via fpd30-prediction (pyproject.toml)
catboost==1.2.8
    # via fpd30-prediction (pyproject.toml)
category-encoders==2.8.1
    # via fpd30-prediction (pyproject.toml)
certifi==2025.6.15
    # via requests
charset-normalizer==3.4.2
    # via requests
cloudpickle==3.1.1
    # via shap
colorama==0.4.6
    # via
    #   colorlog
    #   tqdm
colorlog==6.9.0
    # via optuna
contourpy==1.3.2
    # via matplotlib
cycler==0.12.1
    # via matplotlib
fonttools==4.58.4
    # via matplotlib
geographiclib==2.0
    # via geopy
geopy==2.4.1
    # via fpd30-prediction (pyproject.toml)
graphviz==0.21
    # via catboost
greenlet==3.2.3
    # via sqlalchemy
idna==3.10
    # via requests
imbalanced-learn==0.12.4
    # via imblearn
imblearn==0.0
    # via fpd30-prediction (pyproject.toml)
joblib==1.5.1
    # via
    #   imbalanced-learn
    #   scikit-learn
kiwisolver==1.4.8
    # via matplotlib
llvmlite==0.44.0
    # via numba
mako==1.3.10
    # via alembic
markupsafe==3.0.2
    # via mako
matplotlib==3.7.4
    # via
    #   fpd30-prediction (pyproject.toml)
    #   catboost
    #   seaborn
narwhals==1.44.0
    # via plotly
numba==0.61.2
    # via shap
numpy==1.24.4
    # via
    #   fpd30-prediction (pyproject.toml)
    #   boruta
    #   catboost
    #   category-encoders
    #   contourpy
    #   imbalanced-learn
    #   matplotlib
    #   numba
    #   optuna
    #   pandas
    #   patsy
    #   scikit-learn
    #   scipy
    #   seaborn
    #   shap
    #   statsmodels
    #   xgboost
optuna==4.4.0
    # via fpd30-prediction (pyproject.toml)
packaging==25.0
    # via
    #   matplotlib
    #   optuna
    #   plotly
    #   shap
    #   statsmodels
pandas==2.0.3
    # via
    #   fpd30-prediction (pyproject.toml)
    #   catboost
    #   category-encoders
    #   seaborn
    #   shap
    #   statsmodels
patsy==1.0.1
    # via
    #   category-encoders
    #   statsmodels
pillow==11.2.1
    # via matplotlib
plotly==6.1.2
    # via catboost
pyparsing==3.2.3
    # via matplotlib
python-dateutil==2.9.0.post0
    # via
    #   matplotlib
    #   pandas
pytz==2025.2
    # via pandas
pyyaml==6.0.2
    # via optuna
requests==2.32.4
    # via fpd30-prediction (pyproject.toml)
scikit-learn==1.7.0
    # via
    #   fpd30-prediction (pyproject.toml)
    #   boruta
    #   category-encoders
    #   imbalanced-learn
    #   shap
scipy==1.15.3
    # via
    #   fpd30-prediction (pyproject.toml)
    #   boruta
    #   catboost
    #   category-encoders
    #   imbalanced-learn
    #   scikit-learn
    #   shap
    #   statsmodels
    #   xgboost
seaborn==0.12.2
    # via fpd30-prediction (pyproject.toml)
shap==0.48.0
    # via fpd30-prediction (pyproject.toml)
six==1.17.0
    # via
    #   catboost
    #   python-dateutil
slicer==0.0.8
    # via shap
sqlalchemy==2.0.41
    # via
    #   alembic
    #   optuna
statsmodels==0.14.4
    # via category-encoders
threadpoolctl==3.6.0
    # via
    #   imbalanced-learn
    #   scikit-learn
tqdm==4.67.1
    # via
    #   fpd30-prediction (pyproject.toml)
    #   optuna
    #   shap
typing-extensions==4.14.0
    # via
    #   alembic
    #   shap
    #   sqlalchemy
tzdata==2025.2
    # via pandas
urllib3==2.5.0
    # via requests
xgboost==3.0.2
    # via fpd30-prediction (pyproject.toml)
